
Microsoft Visual Studio Solution File, Format Version 12.00
# Visual Studio 15
VisualStudioVersion = 15.0.27130.2003
MinimumVisualStudioVersion = 10.0.40219.1
Project("{FAE04EC0-301F-11D3-BF4B-00C04F79EFBC}") = "BotPetya", "BotPetya\BotPetya.csproj", "{11FA138E-2910-4DCB-A534-82A8928A133C}"
EndProject
Global
	GlobalSection(SolutionConfigurationPlatforms) = preSolution
		Debug|Any CPU = Debug|Any CPU
		Release|Any CPU = Release|Any CPU
	EndGlobalSection
	GlobalSection(ProjectConfigurationPlatforms) = postSolution
		{11FA138E-2910-4DCB-A534-82A8928A133C}.Debug|Any CPU.ActiveCfg = Debug|Any CPU
		{11FA138E-2910-4DCB-A534-82A8928A133C}.Debug|Any CPU.Build.0 = Debug|Any CPU
		{11FA138E-2910-4DCB-A534-82A8928A133C}.Release|Any CPU.ActiveCfg = Release|Any CPU
		{11FA138E-2910-4DCB-A534-82A8928A133C}.Release|Any CPU.Build.0 = Release|Any CPU
	EndGlobalSection
	GlobalSection(SolutionProperties) = preSolution
		HideSolutionNode = FALSE
	EndGlobalSection
	GlobalSection(ExtensibilityGlobals) = postSolution
		SolutionGuid = {CA0E07E8-79E5-4C58-966B-62DB23588C14}
	EndGlobalSection
EndGlobal
